
Microsoft Visual Studio Solution File, Format Version 12.00
# Visual Studio Version 17
VisualStudioVersion = 17.4.33205.214
MinimumVisualStudioVersion = 10.0.40219.1
Project("{A07B5EB6-E848-4116-A8D0-A826331D98C6}") = "ECommerce", "ECommerce\ECommerce.sfproj", "{ADCBF81F-EDD5-425A-998D-2941460DCFBB}"
EndProject
Project("{9A19103F-16F7-4668-BE54-9A1E7A4F7556}") = "ECommerce.ProductCatalog", "ECommerce.ProductCatalog\ECommerce.ProductCatalog.csproj", "{1F357C2E-838A-454F-A725-C5E4C6673DFF}"
EndProject
Project("{9A19103F-16F7-4668-BE54-9A1E7A4F7556}") = "ECommerce.ProductCatalog.Model", "ECommerce.ProductCatalog.Model\ECommerce.ProductCatalog.Model.csproj", "{4A7E7A87-533C-4423-AE2A-6BC7499C98BB}"
EndProject
Project("{9A19103F-16F7-4668-BE54-9A1E7A4F7556}") = "ECommerce.API", "ECommerce.API\ECommerce.API.csproj", "{2C1BA0FA-9330-460D-A741-AAB453FE4DB8}"
EndProject
Project("{FAE04EC0-301F-11D3-BF4B-00C04F79EFBC}") = "UserActor", "UserActor\UserActor.csproj", "{80F947F4-A480-41EA-B025-B316731EF246}"
EndProject
Project("{FAE04EC0-301F-11D3-BF4B-00C04F79EFBC}") = "UserActor.Interfaces", "UserActor.Interfaces\UserActor.Interfaces.csproj", "{A39F083F-88EC-469B-8551-27E69B3213EA}"
EndProject
Global
	GlobalSection(SolutionConfigurationPlatforms) = preSolution
		Debug|Any CPU = Debug|Any CPU
		Debug|x64 = Debug|x64
		Release|Any CPU = Release|Any CPU
		Release|x64 = Release|x64
	EndGlobalSection
	GlobalSection(ProjectConfigurationPlatforms) = postSolution
		{ADCBF81F-EDD5-425A-998D-2941460DCFBB}.Debug|Any CPU.ActiveCfg = Debug|x64
		{ADCBF81F-EDD5-425A-998D-2941460DCFBB}.Debug|Any CPU.Build.0 = Debug|x64
		{ADCBF81F-EDD5-425A-998D-2941460DCFBB}.Debug|Any CPU.Deploy.0 = Debug|x64
		{ADCBF81F-EDD5-425A-998D-2941460DCFBB}.Debug|x64.ActiveCfg = Debug|x64
		{ADCBF81F-EDD5-425A-998D-2941460DCFBB}.Debug|x64.Build.0 = Debug|x64
		{ADCBF81F-EDD5-425A-998D-2941460DCFBB}.Debug|x64.Deploy.0 = Debug|x64
		{ADCBF81F-EDD5-425A-998D-2941460DCFBB}.Release|Any CPU.ActiveCfg = Release|x64
		{ADCBF81F-EDD5-425A-998D-2941460DCFBB}.Release|Any CPU.Build.0 = Release|x64
		{ADCBF81F-EDD5-425A-998D-2941460DCFBB}.Release|Any CPU.Deploy.0 = Release|x64
		{ADCBF81F-EDD5-425A-998D-2941460DCFBB}.Release|x64.ActiveCfg = Release|x64
		{ADCBF81F-EDD5-425A-998D-2941460DCFBB}.Release|x64.Build.0 = Release|x64
		{ADCBF81F-EDD5-425A-998D-2941460DCFBB}.Release|x64.Deploy.0 = Release|x64
		{1F357C2E-838A-454F-A725-C5E4C6673DFF}.Debug|Any CPU.ActiveCfg = Debug|Any CPU
		{1F357C2E-838A-454F-A725-C5E4C6673DFF}.Debug|Any CPU.Build.0 = Debug|Any CPU
		{1F357C2E-838A-454F-A725-C5E4C6673DFF}.Debug|x64.ActiveCfg = Debug|Any CPU
		{1F357C2E-838A-454F-A725-C5E4C6673DFF}.Debug|x64.Build.0 = Debug|Any CPU
		{1F357C2E-838A-454F-A725-C5E4C6673DFF}.Release|Any CPU.ActiveCfg = Release|Any CPU
		{1F357C2E-838A-454F-A725-C5E4C6673DFF}.Release|Any CPU.Build.0 = Release|Any CPU
		{1F357C2E-838A-454F-A725-C5E4C6673DFF}.Release|x64.ActiveCfg = Release|Any CPU
		{1F357C2E-838A-454F-A725-C5E4C6673DFF}.Release|x64.Build.0 = Release|Any CPU
		{4A7E7A87-533C-4423-AE2A-6BC7499C98BB}.Debug|Any CPU.ActiveCfg = Debug|Any CPU
		{4A7E7A87-533C-4423-AE2A-6BC7499C98BB}.Debug|Any CPU.Build.0 = Debug|Any CPU
		{4A7E7A87-533C-4423-AE2A-6BC7499C98BB}.Debug|x64.ActiveCfg = Debug|Any CPU
		{4A7E7A87-533C-4423-AE2A-6BC7499C98BB}.Debug|x64.Build.0 = Debug|Any CPU
		{4A7E7A87-533C-4423-AE2A-6BC7499C98BB}.Release|Any CPU.ActiveCfg = Release|Any CPU
		{4A7E7A87-533C-4423-AE2A-6BC7499C98BB}.Release|Any CPU.Build.0 = Release|Any CPU
		{4A7E7A87-533C-4423-AE2A-6BC7499C98BB}.Release|x64.ActiveCfg = Release|Any CPU
		{4A7E7A87-533C-4423-AE2A-6BC7499C98BB}.Release|x64.Build.0 = Release|Any CPU
		{2C1BA0FA-9330-460D-A741-AAB453FE4DB8}.Debug|Any CPU.ActiveCfg = Debug|Any CPU
		{2C1BA0FA-9330-460D-A741-AAB453FE4DB8}.Debug|Any CPU.Build.0 = Debug|Any CPU
		{2C1BA0FA-9330-460D-A741-AAB453FE4DB8}.Debug|x64.ActiveCfg = Debug|Any CPU
		{2C1BA0FA-9330-460D-A741-AAB453FE4DB8}.Debug|x64.Build.0 = Debug|Any CPU
		{2C1BA0FA-9330-460D-A741-AAB453FE4DB8}.Release|Any CPU.ActiveCfg = Release|Any CPU
		{2C1BA0FA-9330-460D-A741-AAB453FE4DB8}.Release|Any CPU.Build.0 = Release|Any CPU
		{2C1BA0FA-9330-460D-A741-AAB453FE4DB8}.Release|x64.ActiveCfg = Release|Any CPU
		{2C1BA0FA-9330-460D-A741-AAB453FE4DB8}.Release|x64.Build.0 = Release|Any CPU
		{80F947F4-A480-41EA-B025-B316731EF246}.Debug|Any CPU.ActiveCfg = Debug|Any CPU
		{80F947F4-A480-41EA-B025-B316731EF246}.Debug|Any CPU.Build.0 = Debug|Any CPU
		{80F947F4-A480-41EA-B025-B316731EF246}.Debug|x64.ActiveCfg = Debug|Any CPU
		{80F947F4-A480-41EA-B025-B316731EF246}.Debug|x64.Build.0 = Debug|Any CPU
		{80F947F4-A480-41EA-B025-B316731EF246}.Release|Any CPU.ActiveCfg = Release|Any CPU
		{80F947F4-A480-41EA-B025-B316731EF246}.Release|Any CPU.Build.0 = Release|Any CPU
		{80F947F4-A480-41EA-B025-B316731EF246}.Release|x64.ActiveCfg = Release|Any CPU
		{80F947F4-A480-41EA-B025-B316731EF246}.Release|x64.Build.0 = Release|Any CPU
		{A39F083F-88EC-469B-8551-27E69B3213EA}.Debug|Any CPU.ActiveCfg = Debug|Any CPU
		{A39F083F-88EC-469B-8551-27E69B3213EA}.Debug|Any CPU.Build.0 = Debug|Any CPU
		{A39F083F-88EC-469B-8551-27E69B3213EA}.Debug|x64.ActiveCfg = Debug|Any CPU
		{A39F083F-88EC-469B-8551-27E69B3213EA}.Debug|x64.Build.0 = Debug|Any CPU
		{A39F083F-88EC-469B-8551-27E69B3213EA}.Release|Any CPU.ActiveCfg = Release|Any CPU
		{A39F083F-88EC-469B-8551-27E69B3213EA}.Release|Any CPU.Build.0 = Release|Any CPU
		{A39F083F-88EC-469B-8551-27E69B3213EA}.Release|x64.ActiveCfg = Release|Any CPU
		{A39F083F-88EC-469B-8551-27E69B3213EA}.Release|x64.Build.0 = Release|Any CPU
	EndGlobalSection
	GlobalSection(SolutionProperties) = preSolution
		HideSolutionNode = FALSE
	EndGlobalSection
	GlobalSection(ExtensibilityGlobals) = postSolution
		SolutionGuid = {9F103300-2DBF-4EBC-BC39-1EA884FF22ED}
	EndGlobalSection
EndGlobal
